// !$*UTF8*$!
{
	archiveVersion = 1;
	classes = {
	};
	objectVersion = 56;
	objects = {

/* Begin PBXBuildFile section */
		0725F73129370E3700166A02 /* extentions.swift in Sources */ = {isa = PBXBuildFile; fileRef = 0725F73029370E3700166A02 /* extentions.swift */; };
		0725F737293717DB00166A02 /* TileCollectionViewCell.swift in Sources */ = {isa = PBXBuildFile; fileRef = 0725F736293717DB00166A02 /* TileCollectionViewCell.swift */; };
		0725F73A29371A2900166A02 /* SDWebImage in Frameworks */ = {isa = PBXBuildFile; productRef = 0725F73929371A2900166A02 /* SDWebImage */; };
		0725F73C29371A2900166A02 /* SDWebImageMapKit in Frameworks */ = {isa = PBXBuildFile; productRef = 0725F73B29371A2900166A02 /* SDWebImageMapKit */; };
		07337C2729273899002D607D /* HeroHeaderUIView.swift in Sources */ = {isa = PBXBuildFile; fileRef = 07337C2629273899002D607D /* HeroHeaderUIView.swift */; };
		0735093F2928A4A100B28DD8 /* ApiCalller.swift in Sources */ = {isa = PBXBuildFile; fileRef = 0735093E2928A4A100B28DD8 /* ApiCalller.swift */; };
		075AD6502933C43E007F5140 /* Movie.swift in Sources */ = {isa = PBXBuildFile; fileRef = 075AD64F2933C43E007F5140 /* Movie.swift */; };
		07843E492923F64500B3BB8A /* AppDelegate.swift in Sources */ = {isa = PBXBuildFile; fileRef = 07843E482923F64500B3BB8A /* AppDelegate.swift */; };
		07843E4B2923F64500B3BB8A /* SceneDelegate.swift in Sources */ = {isa = PBXBuildFile; fileRef = 07843E4A2923F64500B3BB8A /* SceneDelegate.swift */; };
		07843E4D2923F64500B3BB8A /* ViewController.swift in Sources */ = {isa = PBXBuildFile; fileRef = 07843E4C2923F64500B3BB8A /* ViewController.swift */; };
		07843E532923F64500B3BB8A /* netflixClone.xcdatamodeld in Sources */ = {isa = PBXBuildFile; fileRef = 07843E512923F64500B3BB8A /* netflixClone.xcdatamodeld */; };
		07843E552923F64800B3BB8A /* Assets.xcassets in Resources */ = {isa = PBXBuildFile; fileRef = 07843E542923F64800B3BB8A /* Assets.xcassets */; };
		07843E582923F64800B3BB8A /* LaunchScreen.storyboard in Resources */ = {isa = PBXBuildFile; fileRef = 07843E562923F64800B3BB8A /* LaunchScreen.storyboard */; };
		07843E602923F86100B3BB8A /* MainTabViewController.swift in Sources */ = {isa = PBXBuildFile; fileRef = 07843E5F2923F86000B3BB8A /* MainTabViewController.swift */; };
		07843E632923F9D900B3BB8A /* HomeViewController.swift in Sources */ = {isa = PBXBuildFile; fileRef = 07843E622923F9D900B3BB8A /* HomeViewController.swift */; };
		07843E652923FA3E00B3BB8A /* UpcommingViewController.swift in Sources */ = {isa = PBXBuildFile; fileRef = 07843E642923FA3E00B3BB8A /* UpcommingViewController.swift */; };
		07843E672923FA7500B3BB8A /* SearchViewController.swift in Sources */ = {isa = PBXBuildFile; fileRef = 07843E662923FA7500B3BB8A /* SearchViewController.swift */; };
		07843E692923FAB500B3BB8A /* DownloadsViewController.swift in Sources */ = {isa = PBXBuildFile; fileRef = 07843E682923FAB500B3BB8A /* DownloadsViewController.swift */; };
		07843E6E292403D700B3BB8A /* CollectionViewTableViewCell.swift in Sources */ = {isa = PBXBuildFile; fileRef = 07843E6D292403D700B3BB8A /* CollectionViewTableViewCell.swift */; };
/* End PBXBuildFile section */

/* Begin PBXFileReference section */
		0725F73029370E3700166A02 /* extentions.swift */ = {isa = PBXFileReference; lastKnownFileType = sourcecode.swift; path = extentions.swift; sourceTree = "<group>"; };
		0725F732293717AE00166A02 /* netflixClone-Bridging-Header.h */ = {isa = PBXFileReference; lastKnownFileType = sourcecode.c.h; path = "netflixClone-Bridging-Header.h"; sourceTree = "<group>"; };
		0725F736293717DB00166A02 /* TileCollectionViewCell.swift */ = {isa = PBXFileReference; lastKnownFileType = sourcecode.swift; path = TileCollectionViewCell.swift; sourceTree = "<group>"; };
		07337C2629273899002D607D /* HeroHeaderUIView.swift */ = {isa = PBXFileReference; lastKnownFileType = sourcecode.swift; path = HeroHeaderUIView.swift; sourceTree = "<group>"; };
		0735093E2928A4A100B28DD8 /* ApiCalller.swift */ = {isa = PBXFileReference; lastKnownFileType = sourcecode.swift; path = ApiCalller.swift; sourceTree = "<group>"; };
		075AD64F2933C43E007F5140 /* Movie.swift */ = {isa = PBXFileReference; lastKnownFileType = sourcecode.swift; path = Movie.swift; sourceTree = "<group>"; };
		07843E452923F64500B3BB8A /* netflixClone.app */ = {isa = PBXFileReference; explicitFileType = wrapper.application; includeInIndex = 0; path = netflixClone.app; sourceTree = BUILT_PRODUCTS_DIR; };
		07843E482923F64500B3BB8A /* AppDelegate.swift */ = {isa = PBXFileReference; lastKnownFileType = sourcecode.swift; path = AppDelegate.swift; sourceTree = "<group>"; };
		07843E4A2923F64500B3BB8A /* SceneDelegate.swift */ = {isa = PBXFileReference; lastKnownFileType = sourcecode.swift; path = SceneDelegate.swift; sourceTree = "<group>"; };
		07843E4C2923F64500B3BB8A /* ViewController.swift */ = {isa = PBXFileReference; lastKnownFileType = sourcecode.swift; path = ViewController.swift; sourceTree = "<group>"; };
		07843E522923F64500B3BB8A /* netflixClone.xcdatamodel */ = {isa = PBXFileReference; lastKnownFileType = wrapper.xcdatamodel; path = netflixClone.xcdatamodel; sourceTree = "<group>"; };
		07843E542923F64800B3BB8A /* Assets.xcassets */ = {isa = PBXFileReference; lastKnownFileType = folder.assetcatalog; path = Assets.xcassets; sourceTree = "<group>"; };
		07843E572923F64800B3BB8A /* Base */ = {isa = PBXFileReference; lastKnownFileType = file.storyboard; name = Base; path = Base.lproj/LaunchScreen.storyboard; sourceTree = "<group>"; };
		07843E592923F64800B3BB8A /* Info.plist */ = {isa = PBXFileReference; lastKnownFileType = text.plist.xml; path = Info.plist; sourceTree = "<group>"; };
		07843E5F2923F86000B3BB8A /* MainTabViewController.swift */ = {isa = PBXFileReference; lastKnownFileType = sourcecode.swift; path = MainTabViewController.swift; sourceTree = "<group>"; };
		07843E622923F9D900B3BB8A /* HomeViewController.swift */ = {isa = PBXFileReference; lastKnownFileType = sourcecode.swift; path = HomeViewController.swift; sourceTree = "<group>"; };
		07843E642923FA3E00B3BB8A /* UpcommingViewController.swift */ = {isa = PBXFileReference; lastKnownFileType = sourcecode.swift; path = UpcommingViewController.swift; sourceTree = "<group>"; };
		07843E662923FA7500B3BB8A /* SearchViewController.swift */ = {isa = PBXFileReference; lastKnownFileType = sourcecode.swift; path = SearchViewController.swift; sourceTree = "<group>"; };
		07843E682923FAB500B3BB8A /* DownloadsViewController.swift */ = {isa = PBXFileReference; lastKnownFileType = sourcecode.swift; path = DownloadsViewController.swift; sourceTree = "<group>"; };
		07843E6D292403D700B3BB8A /* CollectionViewTableViewCell.swift */ = {isa = PBXFileReference; lastKnownFileType = sourcecode.swift; path = CollectionViewTableViewCell.swift; sourceTree = "<group>"; };
/* End PBXFileReference section */

/* Begin PBXFrameworksBuildPhase section */
		07843E422923F64500B3BB8A /* Frameworks */ = {
			isa = PBXFrameworksBuildPhase;
			buildActionMask = 2147483647;
			files = (
				0725F73C29371A2900166A02 /* SDWebImageMapKit in Frameworks */,
				0725F73A29371A2900166A02 /* SDWebImage in Frameworks */,
			);
			runOnlyForDeploymentPostprocessing = 0;
		};
/* End PBXFrameworksBuildPhase section */

/* Begin PBXGroup section */
		0725F72F29370E0100166A02 /* resources */ = {
			isa = PBXGroup;
			children = (
				0725F73029370E3700166A02 /* extentions.swift */,
			);
			path = resources;
			sourceTree = "<group>";
		};
		0735093D2928A45B00B28DD8 /* Managers */ = {
			isa = PBXGroup;
			children = (
				0735093E2928A4A100B28DD8 /* ApiCalller.swift */,
			);
			path = Managers;
			sourceTree = "<group>";
		};
		07843E3C2923F64500B3BB8A = {
			isa = PBXGroup;
			children = (
				07843E472923F64500B3BB8A /* netflixClone */,
				07843E462923F64500B3BB8A /* Products */,
			);
			sourceTree = "<group>";
		};
		07843E462923F64500B3BB8A /* Products */ = {
			isa = PBXGroup;
			children = (
				07843E452923F64500B3BB8A /* netflixClone.app */,
			);
			name = Products;
			sourceTree = "<group>";
		};
		07843E472923F64500B3BB8A /* netflixClone */ = {
			isa = PBXGroup;
			children = (
				0725F72F29370E0100166A02 /* resources */,
				0735093D2928A45B00B28DD8 /* Managers */,
				07843E6C2924032000B3BB8A /* views */,
				07843E6B2924030700B3BB8A /* viewModels */,
				07843E6A292402EF00B3BB8A /* Models */,
				07843E612923F9AB00B3BB8A /* Controllers */,
				07843E482923F64500B3BB8A /* AppDelegate.swift */,
				07843E4A2923F64500B3BB8A /* SceneDelegate.swift */,
				07843E542923F64800B3BB8A /* Assets.xcassets */,
				07843E562923F64800B3BB8A /* LaunchScreen.storyboard */,
				07843E592923F64800B3BB8A /* Info.plist */,
				07843E512923F64500B3BB8A /* netflixClone.xcdatamodeld */,
			);
			path = netflixClone;
			sourceTree = "<group>";
		};
		07843E612923F9AB00B3BB8A /* Controllers */ = {
			isa = PBXGroup;
			children = (
				07843E5F2923F86000B3BB8A /* MainTabViewController.swift */,
				07843E4C2923F64500B3BB8A /* ViewController.swift */,
				07843E622923F9D900B3BB8A /* HomeViewController.swift */,
				07843E642923FA3E00B3BB8A /* UpcommingViewController.swift */,
				07843E662923FA7500B3BB8A /* SearchViewController.swift */,
				07843E682923FAB500B3BB8A /* DownloadsViewController.swift */,
			);
			path = Controllers;
			sourceTree = "<group>";
		};
		07843E6A292402EF00B3BB8A /* Models */ = {
			isa = PBXGroup;
			children = (
				075AD64F2933C43E007F5140 /* Movie.swift */,
			);
			path = Models;
			sourceTree = "<group>";
		};
		07843E6B2924030700B3BB8A /* viewModels */ = {
			isa = PBXGroup;
			children = (
			);
			path = viewModels;
			sourceTree = "<group>";
		};
		07843E6C2924032000B3BB8A /* views */ = {
			isa = PBXGroup;
			children = (
				07843E6D292403D700B3BB8A /* CollectionViewTableViewCell.swift */,
				07337C2629273899002D607D /* HeroHeaderUIView.swift */,
				0725F732293717AE00166A02 /* netflixClone-Bridging-Header.h */,
				0725F736293717DB00166A02 /* TileCollectionViewCell.swift */,
			);
			path = views;
			sourceTree = "<group>";
		};
/* End PBXGroup section */

/* Begin PBXNativeTarget section */
		07843E442923F64500B3BB8A /* netflixClone */ = {
			isa = PBXNativeTarget;
			buildConfigurationList = 07843E5C2923F64800B3BB8A /* Build configuration list for PBXNativeTarget "netflixClone" */;
			buildPhases = (
				07843E412923F64500B3BB8A /* Sources */,
				07843E422923F64500B3BB8A /* Frameworks */,
				07843E432923F64500B3BB8A /* Resources */,
			);
			buildRules = (
			);
			dependencies = (
			);
			name = netflixClone;
			packageProductDependencies = (
				0725F73929371A2900166A02 /* SDWebImage */,
				0725F73B29371A2900166A02 /* SDWebImageMapKit */,
			);
			productName = netflixClone;
			productReference = 07843E452923F64500B3BB8A /* netflixClone.app */;
			productType = "com.apple.product-type.application";
		};
/* End PBXNativeTarget section */

/* Begin PBXProject section */
		07843E3D2923F64500B3BB8A /* Project object */ = {
			isa = PBXProject;
			attributes = {
				BuildIndependentTargetsInParallel = 1;
				LastSwiftUpdateCheck = 1410;
				LastUpgradeCheck = 1410;
				TargetAttributes = {
					07843E442923F64500B3BB8A = {
						CreatedOnToolsVersion = 14.1;
						LastSwiftMigration = 1410;
					};
				};
			};
			buildConfigurationList = 07843E402923F64500B3BB8A /* Build configuration list for PBXProject "netflixClone" */;
			compatibilityVersion = "Xcode 14.0";
			developmentRegion = en;
			hasScannedForEncodings = 0;
			knownRegions = (
				en,
				Base,
			);
			mainGroup = 07843E3C2923F64500B3BB8A;
			packageReferences = (
				0725F73829371A2900166A02 /* XCRemoteSwiftPackageReference "SDWebImage" */,
			);
			productRefGroup = 07843E462923F64500B3BB8A /* Products */;
			projectDirPath = "";
			projectRoot = "";
			targets = (
				07843E442923F64500B3BB8A /* netflixClone */,
			);
		};
/* End PBXProject section */

/* Begin PBXResourcesBuildPhase section */
		07843E432923F64500B3BB8A /* Resources */ = {
			isa = PBXResourcesBuildPhase;
			buildActionMask = 2147483647;
			files = (
				07843E582923F64800B3BB8A /* LaunchScreen.storyboard in Resources */,
				07843E552923F64800B3BB8A /* Assets.xcassets in Resources */,
			);
			runOnlyForDeploymentPostprocessing = 0;
		};
/* End PBXResourcesBuildPhase section */

/* Begin PBXSourcesBuildPhase section */
		07843E412923F64500B3BB8A /* Sources */ = {
			isa = PBXSourcesBuildPhase;
			buildActionMask = 2147483647;
			files = (
				07843E6E292403D700B3BB8A /* CollectionViewTableViewCell.swift in Sources */,
				07843E602923F86100B3BB8A /* MainTabViewController.swift in Sources */,
				07843E532923F64500B3BB8A /* netflixClone.xcdatamodeld in Sources */,
				07843E672923FA7500B3BB8A /* SearchViewController.swift in Sources */,
				0735093F2928A4A100B28DD8 /* ApiCalller.swift in Sources */,
				07843E652923FA3E00B3BB8A /* UpcommingViewController.swift in Sources */,
				0725F737293717DB00166A02 /* TileCollectionViewCell.swift in Sources */,
				07843E4D2923F64500B3BB8A /* ViewController.swift in Sources */,
				07843E692923FAB500B3BB8A /* DownloadsViewController.swift in Sources */,
				075AD6502933C43E007F5140 /* Movie.swift in Sources */,
				07843E492923F64500B3BB8A /* AppDelegate.swift in Sources */,
				0725F73129370E3700166A02 /* extentions.swift in Sources */,
				07337C2729273899002D607D /* HeroHeaderUIView.swift in Sources */,
				07843E4B2923F64500B3BB8A /* SceneDelegate.swift in Sources */,
				07843E632923F9D900B3BB8A /* HomeViewController.swift in Sources */,
			);
			runOnlyForDeploymentPostprocessing = 0;
		};
/* End PBXSourcesBuildPhase section */

/* Begin PBXVariantGroup section */
		07843E562923F64800B3BB8A /* LaunchScreen.storyboard */ = {
			isa = PBXVariantGroup;
			children = (
				07843E572923F64800B3BB8A /* Base */,
			);
			name = LaunchScreen.storyboard;
			sourceTree = "<group>";
		};
/* End PBXVariantGroup section */

/* Begin XCBuildConfiguration section */
		07843E5A2923F64800B3BB8A /* Debug */ = {
			isa = XCBuildConfiguration;
			buildSettings = {
				ALWAYS_SEARCH_USER_PATHS = NO;
				CLANG_ANALYZER_NONNULL = YES;
				CLANG_ANALYZER_NUMBER_OBJECT_CONVERSION = YES_AGGRESSIVE;
				CLANG_CXX_LANGUAGE_STANDARD = "gnu++20";
				CLANG_ENABLE_MODULES = YES;
				CLANG_ENABLE_OBJC_ARC = YES;
				CLANG_ENABLE_OBJC_WEAK = YES;
				CLANG_WARN_BLOCK_CAPTURE_AUTORELEASING = YES;
				CLANG_WARN_BOOL_CONVERSION = YES;
				CLANG_WARN_COMMA = YES;
				CLANG_WARN_CONSTANT_CONVERSION = YES;
				CLANG_WARN_DEPRECATED_OBJC_IMPLEMENTATIONS = YES;
				CLANG_WARN_DIRECT_OBJC_ISA_USAGE = YES_ERROR;
				CLANG_WARN_DOCUMENTATION_COMMENTS = YES;
				CLANG_WARN_EMPTY_BODY = YES;
				CLANG_WARN_ENUM_CONVERSION = YES;
				CLANG_WARN_INFINITE_RECURSION = YES;
				CLANG_WARN_INT_CONVERSION = YES;
				CLANG_WARN_NON_LITERAL_NULL_CONVERSION = YES;
				CLANG_WARN_OBJC_IMPLICIT_RETAIN_SELF = YES;
				CLANG_WARN_OBJC_LITERAL_CONVERSION = YES;
				CLANG_WARN_OBJC_ROOT_CLASS = YES_ERROR;
				CLANG_WARN_QUOTED_INCLUDE_IN_FRAMEWORK_HEADER = YES;
				CLANG_WARN_RANGE_LOOP_ANALYSIS = YES;
				CLANG_WARN_STRICT_PROTOTYPES = YES;
				CLANG_WARN_SUSPICIOUS_MOVE = YES;
				CLANG_WARN_UNGUARDED_AVAILABILITY = YES_AGGRESSIVE;
				CLANG_WARN_UNREACHABLE_CODE = YES;
				CLANG_WARN__DUPLICATE_METHOD_MATCH = YES;
				COPY_PHASE_STRIP = NO;
				DEBUG_INFORMATION_FORMAT = dwarf;
				ENABLE_STRICT_OBJC_MSGSEND = YES;
				ENABLE_TESTABILITY = YES;
				GCC_C_LANGUAGE_STANDARD = gnu11;
				GCC_DYNAMIC_NO_PIC = NO;
				GCC_NO_COMMON_BLOCKS = YES;
				GCC_OPTIMIZATION_LEVEL = 0;
				GCC_PREPROCESSOR_DEFINITIONS = (
					"DEBUG=1",
					"$(inherited)",
				);
				GCC_WARN_64_TO_32_BIT_CONVERSION = YES;
				GCC_WARN_ABOUT_RETURN_TYPE = YES_ERROR;
				GCC_WARN_UNDECLARED_SELECTOR = YES;
				GCC_WARN_UNINITIALIZED_AUTOS = YES_AGGRESSIVE;
				GCC_WARN_UNUSED_FUNCTION = YES;
				GCC_WARN_UNUSED_VARIABLE = YES;
				IPHONEOS_DEPLOYMENT_TARGET = 16.1;
				MTL_ENABLE_DEBUG_INFO = INCLUDE_SOURCE;
				MTL_FAST_MATH = YES;
				ONLY_ACTIVE_ARCH = YES;
				SDKROOT = iphoneos;
				SWIFT_ACTIVE_COMPILATION_CONDITIONS = DEBUG;
				SWIFT_OPTIMIZATION_LEVEL = "-Onone";
			};
			name = Debug;
		};
		07843E5B2923F64800B3BB8A /* Release */ = {
			isa = XCBuildConfiguration;
			buildSettings = {
				ALWAYS_SEARCH_USER_PATHS = NO;
				CLANG_ANALYZER_NONNULL = YES;
				CLANG_ANALYZER_NUMBER_OBJECT_CONVERSION = YES_AGGRESSIVE;
				CLANG_CXX_LANGUAGE_STANDARD = "gnu++20";
				CLANG_ENABLE_MODULES = YES;
				CLANG_ENABLE_OBJC_ARC = YES;
				CLANG_ENABLE_OBJC_WEAK = YES;
				CLANG_WARN_BLOCK_CAPTURE_AUTORELEASING = YES;
				CLANG_WARN_BOOL_CONVERSION = YES;
				CLANG_WARN_COMMA = YES;
				CLANG_WARN_CONSTANT_CONVERSION = YES;
				CLANG_WARN_DEPRECATED_OBJC_IMPLEMENTATIONS = YES;
				CLANG_WARN_DIRECT_OBJC_ISA_USAGE = YES_ERROR;
				CLANG_WARN_DOCUMENTATION_COMMENTS = YES;
				CLANG_WARN_EMPTY_BODY = YES;
				CLANG_WARN_ENUM_CONVERSION = YES;
				CLANG_WARN_INFINITE_RECURSION = YES;
				CLANG_WARN_INT_CONVERSION = YES;
				CLANG_WARN_NON_LITERAL_NULL_CONVERSION = YES;
				CLANG_WARN_OBJC_IMPLICIT_RETAIN_SELF = YES;
				CLANG_WARN_OBJC_LITERAL_CONVERSION = YES;
				CLANG_WARN_OBJC_ROOT_CLASS = YES_ERROR;
				CLANG_WARN_QUOTED_INCLUDE_IN_FRAMEWORK_HEADER = YES;
				CLANG_WARN_RANGE_LOOP_ANALYSIS = YES;
				CLANG_WARN_STRICT_PROTOTYPES = YES;
				CLANG_WARN_SUSPICIOUS_MOVE = YES;
				CLANG_WARN_UNGUARDED_AVAILABILITY = YES_AGGRESSIVE;
				CLANG_WARN_UNREACHABLE_CODE = YES;
				CLANG_WARN__DUPLICATE_METHOD_MATCH = YES;
				COPY_PHASE_STRIP = NO;
				DEBUG_INFORMATION_FORMAT = "dwarf-with-dsym";
				ENABLE_NS_ASSERTIONS = NO;
				ENABLE_STRICT_OBJC_MSGSEND = YES;
				GCC_C_LANGUAGE_STANDARD = gnu11;
				GCC_NO_COMMON_BLOCKS = YES;
				GCC_WARN_64_TO_32_BIT_CONVERSION = YES;
				GCC_WARN_ABOUT_RETURN_TYPE = YES_ERROR;
				GCC_WARN_UNDECLARED_SELECTOR = YES;
				GCC_WARN_UNINITIALIZED_AUTOS = YES_AGGRESSIVE;
				GCC_WARN_UNUSED_FUNCTION = YES;
				GCC_WARN_UNUSED_VARIABLE = YES;
				IPHONEOS_DEPLOYMENT_TARGET = 16.1;
				MTL_ENABLE_DEBUG_INFO = NO;
				MTL_FAST_MATH = YES;
				SDKROOT = iphoneos;
				SWIFT_COMPILATION_MODE = wholemodule;
				SWIFT_OPTIMIZATION_LEVEL = "-O";
				VALIDATE_PRODUCT = YES;
			};
			name = Release;
		};
		07843E5D2923F64800B3BB8A /* Debug */ = {
			isa = XCBuildConfiguration;
			buildSettings = {
				ASSETCATALOG_COMPILER_APPICON_NAME = AppIcon;
				ASSETCATALOG_COMPILER_GLOBAL_ACCENT_COLOR_NAME = AccentColor;
				CLANG_ENABLE_MODULES = YES;
				CODE_SIGN_STYLE = Automatic;
				CURRENT_PROJECT_VERSION = 1;
				DEVELOPMENT_TEAM = 7PC3M2DH35;
				GENERATE_INFOPLIST_FILE = YES;
				INFOPLIST_FILE = netflixClone/Info.plist;
				INFOPLIST_KEY_UIApplicationSupportsIndirectInputEvents = YES;
				INFOPLIST_KEY_UILaunchStoryboardName = LaunchScreen;
				INFOPLIST_KEY_UISupportedInterfaceOrientations_iPad = "UIInterfaceOrientationPortrait UIInterfaceOrientationPortraitUpsideDown UIInterfaceOrientationLandscapeLeft UIInterfaceOrientationLandscapeRight";
				INFOPLIST_KEY_UISupportedInterfaceOrientations_iPhone = "UIInterfaceOrientationPortrait UIInterfaceOrientationLandscapeLeft UIInterfaceOrientationLandscapeRight";
				LD_RUNPATH_SEARCH_PATHS = (
					"$(inherited)",
					"@executable_path/Frameworks",
				);
				MARKETING_VERSION = 1.0;
				PRODUCT_BUNDLE_IDENTIFIER = pseudoSoft.netflixClone;
				PRODUCT_NAME = "$(TARGET_NAME)";
				SWIFT_EMIT_LOC_STRINGS = YES;
				SWIFT_OBJC_BRIDGING_HEADER = "netflixClone/views/netflixClone-Bridging-Header.h";
				SWIFT_OPTIMIZATION_LEVEL = "-Onone";
				SWIFT_VERSION = 5.0;
				TARGETED_DEVICE_FAMILY = "1,2";
			};
			name = Debug;
		};
		07843E5E2923F64800B3BB8A /* Release */ = {
			isa = XCBuildConfiguration;
			buildSettings = {
				ASSETCATALOG_COMPILER_APPICON_NAME = AppIcon;
				ASSETCATALOG_COMPILER_GLOBAL_ACCENT_COLOR_NAME = AccentColor;
				CLANG_ENABLE_MODULES = YES;
				CODE_SIGN_STYLE = Automatic;
				CURRENT_PROJECT_VERSION = 1;
				DEVELOPMENT_TEAM = 7PC3M2DH35;
				GENERATE_INFOPLIST_FILE = YES;
				INFOPLIST_FILE = netflixClone/Info.plist;
				INFOPLIST_KEY_UIApplicationSupportsIndirectInputEvents = YES;
				INFOPLIST_KEY_UILaunchStoryboardName = LaunchScreen;
				INFOPLIST_KEY_UISupportedInterfaceOrientations_iPad = "UIInterfaceOrientationPortrait UIInterfaceOrientationPortraitUpsideDown UIInterfaceOrientationLandscapeLeft UIInterfaceOrientationLandscapeRight";
				INFOPLIST_KEY_UISupportedInterfaceOrientations_iPhone = "UIInterfaceOrientationPortrait UIInterfaceOrientationLandscapeLeft UIInterfaceOrientationLandscapeRight";
				LD_RUNPATH_SEARCH_PATHS = (
					"$(inherited)",
					"@executable_path/Frameworks",
				);
				MARKETING_VERSION = 1.0;
				PRODUCT_BUNDLE_IDENTIFIER = pseudoSoft.netflixClone;
				PRODUCT_NAME = "$(TARGET_NAME)";
				SWIFT_EMIT_LOC_STRINGS = YES;
				SWIFT_OBJC_BRIDGING_HEADER = "netflixClone/views/netflixClone-Bridging-Header.h";
				SWIFT_VERSION = 5.0;
				TARGETED_DEVICE_FAMILY = "1,2";
			};
			name = Release;
		};
/* End XCBuildConfiguration section */

/* Begin XCConfigurationList section */
		07843E402923F64500B3BB8A /* Build configuration list for PBXProject "netflixClone" */ = {
			isa = XCConfigurationList;
			buildConfigurations = (
				07843E5A2923F64800B3BB8A /* Debug */,
				07843E5B2923F64800B3BB8A /* Release */,
			);
			defaultConfigurationIsVisible = 0;
			defaultConfigurationName = Release;
		};
		07843E5C2923F64800B3BB8A /* Build configuration list for PBXNativeTarget "netflixClone" */ = {
			isa = XCConfigurationList;
			buildConfigurations = (
				07843E5D2923F64800B3BB8A /* Debug */,
				07843E5E2923F64800B3BB8A /* Release */,
			);
			defaultConfigurationIsVisible = 0;
			defaultConfigurationName = Release;
		};
/* End XCConfigurationList section */

/* Begin XCRemoteSwiftPackageReference section */
		0725F73829371A2900166A02 /* XCRemoteSwiftPackageReference "SDWebImage" */ = {
			isa = XCRemoteSwiftPackageReference;
			repositoryURL = "https://github.com/SDWebImage/SDWebImage.git";
			requirement = {
				kind = upToNextMajorVersion;
				minimumVersion = 5.0.0;
			};
		};
/* End XCRemoteSwiftPackageReference section */

/* Begin XCSwiftPackageProductDependency section */
		0725F73929371A2900166A02 /* SDWebImage */ = {
			isa = XCSwiftPackageProductDependency;
			package = 0725F73829371A2900166A02 /* XCRemoteSwiftPackageReference "SDWebImage" */;
			productName = SDWebImage;
		};
		0725F73B29371A2900166A02 /* SDWebImageMapKit */ = {
			isa = XCSwiftPackageProductDependency;
			package = 0725F73829371A2900166A02 /* XCRemoteSwiftPackageReference "SDWebImage" */;
			productName = SDWebImageMapKit;
		};
/* End XCSwiftPackageProductDependency section */

/* Begin XCVersionGroup section */
		07843E512923F64500B3BB8A /* netflixClone.xcdatamodeld */ = {
			isa = XCVersionGroup;
			children = (
				07843E522923F64500B3BB8A /* netflixClone.xcdatamodel */,
			);
			currentVersion = 07843E522923F64500B3BB8A /* netflixClone.xcdatamodel */;
			path = netflixClone.xcdatamodeld;
			sourceTree = "<group>";
			versionGroupType = wrapper.xcdatamodel;
		};
/* End XCVersionGroup section */
	};
	rootObject = 07843E3D2923F64500B3BB8A /* Project object */;
}
